acln.ro/perf v0.0.0-20200512125540-4d8e4e566115 h1:LXxt66Jv2YsU40F2p/VykMEUMulv2oRHrZHrEe+0V/0=
acln.ro/perf v0.0.0-20200512125540-4d8e4e566115/go.mod h1:YNATxll6AOOkbTRJWdm3bSvTzXor3Hs5U9IzIYpfBCI=
golang.org/x/sys v0.0.0-20190309122539-980fc434d28e/go.mod h1:h1NjWce9XRLGQEsW7wpKNCjG9DtNlClVuFLEZdDNbEs=
golang.org/x/sys v0.0.0-20201231184435-2d18734c6014 h1:joucsQqXmyBVxViHCPFjG3hx8JzIFSaym3l3MM/Jsdg=
golang.org/x/sys v0.0.0-20201231184435-2d18734c6014/go.mod h1:h1NjWce9XRLGQEsW7wpKNCjG9DtNlClVuFLEZdDNbEs=
